
Microsoft Visual Studio Solution File, Format Version 12.00
# Visual Studio Version 16
VisualStudioVersion = 16.0.31410.357
MinimumVisualStudioVersion = 10.0.40219.1
Project("{FAE04EC0-301F-11D3-BF4B-00C04F79EFBC}") = "131_ActDataGrid_C", "131_ActDataGrid_C\131_ActDataGrid_C.csproj", "{D19648A0-9DC8-4C49-8B8A-30777D2321DA}"
EndProject
Global
	GlobalSection(SolutionConfigurationPlatforms) = preSolution
		Debug|Any CPU = Debug|Any CPU
		Release|Any CPU = Release|Any CPU
	EndGlobalSection
	GlobalSection(ProjectConfigurationPlatforms) = postSolution
		{D19648A0-9DC8-4C49-8B8A-30777D2321DA}.Debug|Any CPU.ActiveCfg = Debug|Any CPU
		{D19648A0-9DC8-4C49-8B8A-30777D2321DA}.Debug|Any CPU.Build.0 = Debug|Any CPU
		{D19648A0-9DC8-4C49-8B8A-30777D2321DA}.Release|Any CPU.ActiveCfg = Release|Any CPU
		{D19648A0-9DC8-4C49-8B8A-30777D2321DA}.Release|Any CPU.Build.0 = Release|Any CPU
	EndGlobalSection
	GlobalSection(SolutionProperties) = preSolution
		HideSolutionNode = FALSE
	EndGlobalSection
	GlobalSection(ExtensibilityGlobals) = postSolution
		SolutionGuid = {2783110F-0F23-4D94-B182-DA59F3CB20B7}
	EndGlobalSection
EndGlobal
